PODS:
  - CHTCollectionViewWaterfallLayout (0.9.7):
    - CHTCollectionViewWaterfallLayout/ObjC (= 0.9.7)
  - CHTCollectionViewWaterfallLayout/ObjC (0.9.7)
  - DownPicker (0.1.34)

DEPENDENCIES:
  - CHTCollectionViewWaterfallLayout
  - DownPicker

SPEC REPOS:
  https://github.com/cocoapods/specs.git:
    - CHTCollectionViewWaterfallLayout
    - DownPicker

SPEC CHECKSUMS:
  CHTCollectionViewWaterfallLayout: 9d11068fafecac106695bb5a5d6d0f738483b598
  DownPicker: c00ea63f08ae82116cc93d0eba74e86bf3d4c68e

PODFILE CHECKSUM: fb07a10768be33faca7ea1f29e3e37c4ec0281bb

COCOAPODS: 1.5.3
