// !$*UTF8*$!
{
	archiveVersion = 1;
	classes = {
	};
	objectVersion = 46;
	objects = {

/* Begin PBXBuildFile section */
		6D50606421FB06C0004576E9 /* ImageLoader.swift in Sources */ = {isa = PBXBuildFile; fileRef = 6D50606321FB06C0004576E9 /* ImageLoader.swift */; };
		6D8FA12221F86AAD00538BD8 /* DetailViewModel.swift in Sources */ = {isa = PBXBuildFile; fileRef = 6D8FA12121F86AAD00538BD8 /* DetailViewModel.swift */; };
		BB85122253D19B676DDB54D7 /* data in Resources */ = {isa = PBXBuildFile; fileRef = BB8516A1B40F147AC2224D2E /* data */; };
		BB8513DE4E8AF9B76CAB144C /* Fish.swift in Sources */ = {isa = PBXBuildFile; fileRef = BB8518FEFCA7AA8D7EA3E642 /* Fish.swift */; };
		BB85168AB5141ED570B518AD /* DataManager.swift in Sources */ = {isa = PBXBuildFile; fileRef = BB851ACFAE85AA23A31AD395 /* DataManager.swift */; };
		F90232BE242A796700E914D0 /* SearchBar.swift in Sources */ = {isa = PBXBuildFile; fileRef = F90232BD242A796700E914D0 /* SearchBar.swift */; };
		F90232C0242A8ED900E914D0 /* CustomTextView.swift in Sources */ = {isa = PBXBuildFile; fileRef = F90232BF242A8ED900E914D0 /* CustomTextView.swift */; };
		F90232C2242A8F4000E914D0 /* CustomLabel.swift in Sources */ = {isa = PBXBuildFile; fileRef = F90232C1242A8F4000E914D0 /* CustomLabel.swift */; };
		F90BA95B1CA99B3A002A0BF0 /* Localizable.strings in Resources */ = {isa = PBXBuildFile; fileRef = F90BA95D1CA99B3A002A0BF0 /* Localizable.strings */; };
		F91D19871C3C1C08003BAD65 /* WebViewController.swift in Sources */ = {isa = PBXBuildFile; fileRef = F91D19861C3C1C08003BAD65 /* WebViewController.swift */; };
		F91D19891C3C3AA2003BAD65 /* Property.swift in Sources */ = {isa = PBXBuildFile; fileRef = F91D19881C3C3AA2003BAD65 /* Property.swift */; };
		F932FEC51C3A733700E9A7F5 /* WaterfallViewController.swift in Sources */ = {isa = PBXBuildFile; fileRef = F932FEC41C3A733700E9A7F5 /* WaterfallViewController.swift */; };
		F932FECD1C3AD48E00E9A7F5 /* ImageViewController.swift in Sources */ = {isa = PBXBuildFile; fileRef = F932FECC1C3AD48E00E9A7F5 /* ImageViewController.swift */; };
		F97824B62427CAE5005D81B5 /* FishList.swift in Sources */ = {isa = PBXBuildFile; fileRef = F97824B52427CAE5005D81B5 /* FishList.swift */; };
		F97824B82427D0C4005D81B5 /* FishDetail.swift in Sources */ = {isa = PBXBuildFile; fileRef = F97824B72427D0C4005D81B5 /* FishDetail.swift */; };
		F97824BA2427D39B005D81B5 /* RootView.swift in Sources */ = {isa = PBXBuildFile; fileRef = F97824B92427D39B005D81B5 /* RootView.swift */; };
		F97824BC2427D4FA005D81B5 /* FishRow.swift in Sources */ = {isa = PBXBuildFile; fileRef = F97824BB2427D4FA005D81B5 /* FishRow.swift */; };
		F97824BE2427FDCB005D81B5 /* GalleryView.swift in Sources */ = {isa = PBXBuildFile; fileRef = F97824BD2427FDCB005D81B5 /* GalleryView.swift */; };
		F97824C02427FF43005D81B5 /* InfoView.swift in Sources */ = {isa = PBXBuildFile; fileRef = F97824BF2427FF43005D81B5 /* InfoView.swift */; };
		F97824C224280105005D81B5 /* SettingsView.swift in Sources */ = {isa = PBXBuildFile; fileRef = F97824C124280105005D81B5 /* SettingsView.swift */; };
		F9784FD72428C4E400F122F9 /* ZoomView.swift in Sources */ = {isa = PBXBuildFile; fileRef = F9784FD62428C4E400F122F9 /* ZoomView.swift */; };
		F98672F6242AC8E100E9FE37 /* CHTCollectionViewWaterfallLayout.swift in Sources */ = {isa = PBXBuildFile; fileRef = F98672F5242AC8E100E9FE37 /* CHTCollectionViewWaterfallLayout.swift */; };
		F9B1B2D4242A208B009F86B8 /* AppData.swift in Sources */ = {isa = PBXBuildFile; fileRef = F9B1B2D3242A208B009F86B8 /* AppData.swift */; };
		F9E2AE2E1C303DE800EE184A /* AppDelegate.swift in Sources */ = {isa = PBXBuildFile; fileRef = F9E2AE2D1C303DE800EE184A /* AppDelegate.swift */; };
		F9E2AE371C303DE800EE184A /* Assets.xcassets in Resources */ = {isa = PBXBuildFile; fileRef = F9E2AE361C303DE800EE184A /* Assets.xcassets */; };
		F9E2AE3A1C303DE800EE184A /* LaunchScreen.storyboard in Resources */ = {isa = PBXBuildFile; fileRef = F9E2AE381C303DE800EE184A /* LaunchScreen.storyboard */; };
/* End PBXBuildFile section */

/* Begin PBXCopyFilesBuildPhase section */
		6D450C7221FF0E6C00AAB25C /* Embed Frameworks */ = {
			isa = PBXCopyFilesBuildPhase;
			buildActionMask = 2147483647;
			dstPath = "";
			dstSubfolderSpec = 10;
			files = (
			);
			name = "Embed Frameworks";
			runOnlyForDeploymentPostprocessing = 0;
		};
/* End PBXCopyFilesBuildPhase section */

/* Begin PBXFileReference section */
		6D50606321FB06C0004576E9 /* ImageLoader.swift */ = {isa = PBXFileReference; lastKnownFileType = sourcecode.swift; path = ImageLoader.swift; sourceTree = "<group>"; };
		6D8FA12121F86AAD00538BD8 /* DetailViewModel.swift */ = {isa = PBXFileReference; lastKnownFileType = sourcecode.swift; path = DetailViewModel.swift; sourceTree = "<group>"; };
		BB8516A1B40F147AC2224D2E /* data */ = {isa = PBXFileReference; fileEncoding = 4; lastKnownFileType = folder; path = data; sourceTree = "<group>"; };
		BB8518FEFCA7AA8D7EA3E642 /* Fish.swift */ = {isa = PBXFileReference; fileEncoding = 4; lastKnownFileType = sourcecode.swift; path = Fish.swift; sourceTree = "<group>"; };
		BB851ACFAE85AA23A31AD395 /* DataManager.swift */ = {isa = PBXFileReference; fileEncoding = 4; lastKnownFileType = sourcecode.swift; path = DataManager.swift; sourceTree = "<group>"; };
		F90232BD242A796700E914D0 /* SearchBar.swift */ = {isa = PBXFileReference; lastKnownFileType = sourcecode.swift; path = SearchBar.swift; sourceTree = "<group>"; };
		F90232BF242A8ED900E914D0 /* CustomTextView.swift */ = {isa = PBXFileReference; lastKnownFileType = sourcecode.swift; path = CustomTextView.swift; sourceTree = "<group>"; };
		F90232C1242A8F4000E914D0 /* CustomLabel.swift */ = {isa = PBXFileReference; lastKnownFileType = sourcecode.swift; path = CustomLabel.swift; sourceTree = "<group>"; };
		F90BA95C1CA99B3A002A0BF0 /* Base */ = {isa = PBXFileReference; lastKnownFileType = text.plist.strings; name = Base; path = Base.lproj/Localizable.strings; sourceTree = "<group>"; };
		F90BA9681CA99B9C002A0BF0 /* ja */ = {isa = PBXFileReference; lastKnownFileType = text.plist.strings; name = ja; path = ja.lproj/LaunchScreen.strings; sourceTree = "<group>"; };
		F90BA9691CA99B9C002A0BF0 /* ja */ = {isa = PBXFileReference; lastKnownFileType = text.plist.strings; name = ja; path = ja.lproj/Localizable.strings; sourceTree = "<group>"; };
		F90BA96B1CA99BBD002A0BF0 /* ko */ = {isa = PBXFileReference; lastKnownFileType = text.plist.strings; name = ko; path = ko.lproj/LaunchScreen.strings; sourceTree = "<group>"; };
		F90BA96C1CA99BBD002A0BF0 /* ko */ = {isa = PBXFileReference; lastKnownFileType = text.plist.strings; name = ko; path = ko.lproj/Localizable.strings; sourceTree = "<group>"; };
		F90BA96E1CA99BD4002A0BF0 /* fr */ = {isa = PBXFileReference; lastKnownFileType = text.plist.strings; name = fr; path = fr.lproj/LaunchScreen.strings; sourceTree = "<group>"; };
		F90BA96F1CA99BD4002A0BF0 /* fr */ = {isa = PBXFileReference; lastKnownFileType = text.plist.strings; name = fr; path = fr.lproj/Localizable.strings; sourceTree = "<group>"; };
		F90BA9711CA99BDA002A0BF0 /* de */ = {isa = PBXFileReference; lastKnownFileType = text.plist.strings; name = de; path = de.lproj/LaunchScreen.strings; sourceTree = "<group>"; };
		F90BA9721CA99BDA002A0BF0 /* de */ = {isa = PBXFileReference; lastKnownFileType = text.plist.strings; name = de; path = de.lproj/Localizable.strings; sourceTree = "<group>"; };
		F90BA9741CA99BE2002A0BF0 /* nl */ = {isa = PBXFileReference; lastKnownFileType = text.plist.strings; name = nl; path = nl.lproj/LaunchScreen.strings; sourceTree = "<group>"; };
		F90BA9751CA99BE2002A0BF0 /* nl */ = {isa = PBXFileReference; lastKnownFileType = text.plist.strings; name = nl; path = nl.lproj/Localizable.strings; sourceTree = "<group>"; };
		F90BA9771CA99BF4002A0BF0 /* ca */ = {isa = PBXFileReference; lastKnownFileType = text.plist.strings; name = ca; path = ca.lproj/LaunchScreen.strings; sourceTree = "<group>"; };
		F90BA9781CA99BF4002A0BF0 /* ca */ = {isa = PBXFileReference; lastKnownFileType = text.plist.strings; name = ca; path = ca.lproj/Localizable.strings; sourceTree = "<group>"; };
		F90BA97A1CA99BFE002A0BF0 /* es */ = {isa = PBXFileReference; lastKnownFileType = text.plist.strings; name = es; path = es.lproj/LaunchScreen.strings; sourceTree = "<group>"; };
		F90BA97B1CA99BFE002A0BF0 /* es */ = {isa = PBXFileReference; lastKnownFileType = text.plist.strings; name = es; path = es.lproj/Localizable.strings; sourceTree = "<group>"; };
		F90BA97D1CA99C03002A0BF0 /* pt-PT */ = {isa = PBXFileReference; lastKnownFileType = text.plist.strings; name = "pt-PT"; path = "pt-PT.lproj/LaunchScreen.strings"; sourceTree = "<group>"; };
		F90BA97E1CA99C03002A0BF0 /* pt-PT */ = {isa = PBXFileReference; lastKnownFileType = text.plist.strings; name = "pt-PT"; path = "pt-PT.lproj/Localizable.strings"; sourceTree = "<group>"; };
		F90BA9801CA99C17002A0BF0 /* it */ = {isa = PBXFileReference; lastKnownFileType = text.plist.strings; name = it; path = it.lproj/LaunchScreen.strings; sourceTree = "<group>"; };
		F90BA9811CA99C17002A0BF0 /* it */ = {isa = PBXFileReference; lastKnownFileType = text.plist.strings; name = it; path = it.lproj/Localizable.strings; sourceTree = "<group>"; };
		F90BA9831CA99C20002A0BF0 /* sv */ = {isa = PBXFileReference; lastKnownFileType = text.plist.strings; name = sv; path = sv.lproj/LaunchScreen.strings; sourceTree = "<group>"; };
		F90BA9841CA99C20002A0BF0 /* sv */ = {isa = PBXFileReference; lastKnownFileType = text.plist.strings; name = sv; path = sv.lproj/Localizable.strings; sourceTree = "<group>"; };
		F90BA9861CA99C24002A0BF0 /* da */ = {isa = PBXFileReference; lastKnownFileType = text.plist.strings; name = da; path = da.lproj/LaunchScreen.strings; sourceTree = "<group>"; };
		F90BA9871CA99C24002A0BF0 /* da */ = {isa = PBXFileReference; lastKnownFileType = text.plist.strings; name = da; path = da.lproj/Localizable.strings; sourceTree = "<group>"; };
		F90BA9891CA99C2A002A0BF0 /* nb */ = {isa = PBXFileReference; lastKnownFileType = text.plist.strings; name = nb; path = nb.lproj/LaunchScreen.strings; sourceTree = "<group>"; };
		F90BA98A1CA99C2A002A0BF0 /* nb */ = {isa = PBXFileReference; lastKnownFileType = text.plist.strings; name = nb; path = nb.lproj/Localizable.strings; sourceTree = "<group>"; };
		F90BA98C1CA99C40002A0BF0 /* hr */ = {isa = PBXFileReference; lastKnownFileType = text.plist.strings; name = hr; path = hr.lproj/LaunchScreen.strings; sourceTree = "<group>"; };
		F90BA98D1CA99C40002A0BF0 /* hr */ = {isa = PBXFileReference; lastKnownFileType = text.plist.strings; name = hr; path = hr.lproj/Localizable.strings; sourceTree = "<group>"; };
		F90BA98F1CA99C46002A0BF0 /* el */ = {isa = PBXFileReference; lastKnownFileType = text.plist.strings; name = el; path = el.lproj/LaunchScreen.strings; sourceTree = "<group>"; };
		F90BA9901CA99C46002A0BF0 /* el */ = {isa = PBXFileReference; lastKnownFileType = text.plist.strings; name = el; path = el.lproj/Localizable.strings; sourceTree = "<group>"; };
		F90BA9921CA99C4B002A0BF0 /* ru */ = {isa = PBXFileReference; lastKnownFileType = text.plist.strings; name = ru; path = ru.lproj/LaunchScreen.strings; sourceTree = "<group>"; };
		F90BA9931CA99C4B002A0BF0 /* ru */ = {isa = PBXFileReference; lastKnownFileType = text.plist.strings; name = ru; path = ru.lproj/Localizable.strings; sourceTree = "<group>"; };
		F90BA9951CA99C54002A0BF0 /* tr */ = {isa = PBXFileReference; lastKnownFileType = text.plist.strings; name = tr; path = tr.lproj/LaunchScreen.strings; sourceTree = "<group>"; };
		F90BA9961CA99C54002A0BF0 /* tr */ = {isa = PBXFileReference; lastKnownFileType = text.plist.strings; name = tr; path = tr.lproj/Localizable.strings; sourceTree = "<group>"; };
		F90BA9981CA99C61002A0BF0 /* vi */ = {isa = PBXFileReference; lastKnownFileType = text.plist.strings; name = vi; path = vi.lproj/LaunchScreen.strings; sourceTree = "<group>"; };
		F90BA9991CA99C62002A0BF0 /* vi */ = {isa = PBXFileReference; lastKnownFileType = text.plist.strings; name = vi; path = vi.lproj/Localizable.strings; sourceTree = "<group>"; };
		F90BA99B1CA99C69002A0BF0 /* zh-Hans */ = {isa = PBXFileReference; lastKnownFileType = text.plist.strings; name = "zh-Hans"; path = "zh-Hans.lproj/LaunchScreen.strings"; sourceTree = "<group>"; };
		F90BA99C1CA99C69002A0BF0 /* zh-Hans */ = {isa = PBXFileReference; lastKnownFileType = text.plist.strings; name = "zh-Hans"; path = "zh-Hans.lproj/Localizable.strings"; sourceTree = "<group>"; };
		F91D19861C3C1C08003BAD65 /* WebViewController.swift */ = {isa = PBXFileReference; fileEncoding = 4; lastKnownFileType = sourcecode.swift; path = WebViewController.swift; sourceTree = "<group>"; };
		F91D19881C3C3AA2003BAD65 /* Property.swift */ = {isa = PBXFileReference; fileEncoding = 4; lastKnownFileType = sourcecode.swift; path = Property.swift; sourceTree = "<group>"; };
		F932FEC41C3A733700E9A7F5 /* WaterfallViewController.swift */ = {isa = PBXFileReference; fileEncoding = 4; lastKnownFileType = sourcecode.swift; path = WaterfallViewController.swift; sourceTree = "<group>"; };
		F932FECC1C3AD48E00E9A7F5 /* ImageViewController.swift */ = {isa = PBXFileReference; fileEncoding = 4; lastKnownFileType = sourcecode.swift; path = ImageViewController.swift; sourceTree = "<group>"; };
		F97824B52427CAE5005D81B5 /* FishList.swift */ = {isa = PBXFileReference; lastKnownFileType = sourcecode.swift; path = FishList.swift; sourceTree = "<group>"; };
		F97824B72427D0C4005D81B5 /* FishDetail.swift */ = {isa = PBXFileReference; lastKnownFileType = sourcecode.swift; path = FishDetail.swift; sourceTree = "<group>"; };
		F97824B92427D39B005D81B5 /* RootView.swift */ = {isa = PBXFileReference; lastKnownFileType = sourcecode.swift; path = RootView.swift; sourceTree = "<group>"; };
		F97824BB2427D4FA005D81B5 /* FishRow.swift */ = {isa = PBXFileReference; lastKnownFileType = sourcecode.swift; path = FishRow.swift; sourceTree = "<group>"; };
		F97824BD2427FDCB005D81B5 /* GalleryView.swift */ = {isa = PBXFileReference; lastKnownFileType = sourcecode.swift; path = GalleryView.swift; sourceTree = "<group>"; };
		F97824BF2427FF43005D81B5 /* InfoView.swift */ = {isa = PBXFileReference; lastKnownFileType = sourcecode.swift; path = InfoView.swift; sourceTree = "<group>"; };
		F97824C124280105005D81B5 /* SettingsView.swift */ = {isa = PBXFileReference; lastKnownFileType = sourcecode.swift; path = SettingsView.swift; sourceTree = "<group>"; };
		F9784FD62428C4E400F122F9 /* ZoomView.swift */ = {isa = PBXFileReference; lastKnownFileType = sourcecode.swift; path = ZoomView.swift; sourceTree = "<group>"; };
		F98672F5242AC8E100E9FE37 /* CHTCollectionViewWaterfallLayout.swift */ = {isa = PBXFileReference; fileEncoding = 4; lastKnownFileType = sourcecode.swift; path = CHTCollectionViewWaterfallLayout.swift; sourceTree = "<group>"; };
		F9B1B2D3242A208B009F86B8 /* AppData.swift */ = {isa = PBXFileReference; lastKnownFileType = sourcecode.swift; path = AppData.swift; sourceTree = "<group>"; };
		F9E2AE2A1C303DE800EE184A /* Fishionary.app */ = {isa = PBXFileReference; explicitFileType = wrapper.application; includeInIndex = 0; path = Fishionary.app; sourceTree = BUILT_PRODUCTS_DIR; };
		F9E2AE2D1C303DE800EE184A /* AppDelegate.swift */ = {isa = PBXFileReference; lastKnownFileType = sourcecode.swift; path = AppDelegate.swift; sourceTree = "<group>"; };
		F9E2AE361C303DE800EE184A /* Assets.xcassets */ = {isa = PBXFileReference; lastKnownFileType = folder.assetcatalog; path = Assets.xcassets; sourceTree = "<group>"; };
		F9E2AE391C303DE800EE184A /* Base */ = {isa = PBXFileReference; lastKnownFileType = file.storyboard; name = Base; path = Base.lproj/LaunchScreen.storyboard; sourceTree = "<group>"; };
		F9E2AE3B1C303DE800EE184A /* Info.plist */ = {isa = PBXFileReference; lastKnownFileType = text.plist.xml; path = Info.plist; sourceTree = "<group>"; };
/* End PBXFileReference section */

/* Begin PBXFrameworksBuildPhase section */
		F9E2AE271C303DE800EE184A /* Frameworks */ = {
			isa = PBXFrameworksBuildPhase;
			buildActionMask = 2147483647;
			files = (
			);
			runOnlyForDeploymentPostprocessing = 0;
		};
/* End PBXFrameworksBuildPhase section */

/* Begin PBXGroup section */
		D407A72077E4F20DE065EB8A /* Frameworks */ = {
			isa = PBXGroup;
			children = (
			);
			name = Frameworks;
			sourceTree = "<group>";
		};
		F98672F4242AC89100E9FE37 /* ThirdParties */ = {
			isa = PBXGroup;
			children = (
				F98672F5242AC8E100E9FE37 /* CHTCollectionViewWaterfallLayout.swift */,
			);
			path = ThirdParties;
			sourceTree = "<group>";
		};
		F9B1B2D5242A6CB7009F86B8 /* Components */ = {
			isa = PBXGroup;
			children = (
				F9B1B2D3242A208B009F86B8 /* AppData.swift */,
				F97824B92427D39B005D81B5 /* RootView.swift */,
				F97824B52427CAE5005D81B5 /* FishList.swift */,
				F97824B72427D0C4005D81B5 /* FishDetail.swift */,
				F97824BB2427D4FA005D81B5 /* FishRow.swift */,
				F97824C124280105005D81B5 /* SettingsView.swift */,
				F97824BD2427FDCB005D81B5 /* GalleryView.swift */,
				F97824BF2427FF43005D81B5 /* InfoView.swift */,
				F9784FD62428C4E400F122F9 /* ZoomView.swift */,
				F90232BD242A796700E914D0 /* SearchBar.swift */,
				F90232BF242A8ED900E914D0 /* CustomTextView.swift */,
				F90232C1242A8F4000E914D0 /* CustomLabel.swift */,
			);
			path = Components;
			sourceTree = "<group>";
		};
		F9E2AE211C303DE800EE184A = {
			isa = PBXGroup;
			children = (
				F9E2AE2C1C303DE800EE184A /* Fishionary */,
				F9E2AE2B1C303DE800EE184A /* Products */,
				D407A72077E4F20DE065EB8A /* Frameworks */,
			);
			sourceTree = "<group>";
		};
		F9E2AE2B1C303DE800EE184A /* Products */ = {
			isa = PBXGroup;
			children = (
				F9E2AE2A1C303DE800EE184A /* Fishionary.app */,
			);
			name = Products;
			sourceTree = "<group>";
		};
		F9E2AE2C1C303DE800EE184A /* Fishionary */ = {
			isa = PBXGroup;
			children = (
				F98672F4242AC89100E9FE37 /* ThirdParties */,
				F9B1B2D5242A6CB7009F86B8 /* Components */,
				F9EA30BC1C352D9B0093E590 /* Controllers */,
				F9EA30BE1C352DD80093E590 /* Managers */,
				F9EA30BB1C352D830093E590 /* Models */,
				F9E2AE2D1C303DE800EE184A /* AppDelegate.swift */,
				F9E2AE381C303DE800EE184A /* LaunchScreen.storyboard */,
				F9E2AE361C303DE800EE184A /* Assets.xcassets */,
				F9E2AE3B1C303DE800EE184A /* Info.plist */,
				BB8516A1B40F147AC2224D2E /* data */,
				F90BA95D1CA99B3A002A0BF0 /* Localizable.strings */,
			);
			path = Fishionary;
			sourceTree = "<group>";
		};
		F9EA30BB1C352D830093E590 /* Models */ = {
			isa = PBXGroup;
			children = (
				BB8518FEFCA7AA8D7EA3E642 /* Fish.swift */,
				F91D19881C3C3AA2003BAD65 /* Property.swift */,
			);
			name = Models;
			sourceTree = "<group>";
		};
		F9EA30BC1C352D9B0093E590 /* Controllers */ = {
			isa = PBXGroup;
			children = (
				6D8FA12121F86AAD00538BD8 /* DetailViewModel.swift */,
				F932FEC41C3A733700E9A7F5 /* WaterfallViewController.swift */,
				F932FECC1C3AD48E00E9A7F5 /* ImageViewController.swift */,
				F91D19861C3C1C08003BAD65 /* WebViewController.swift */,
			);
			name = Controllers;
			sourceTree = "<group>";
		};
		F9EA30BE1C352DD80093E590 /* Managers */ = {
			isa = PBXGroup;
			children = (
				BB851ACFAE85AA23A31AD395 /* DataManager.swift */,
				6D50606321FB06C0004576E9 /* ImageLoader.swift */,
			);
			name = Managers;
			sourceTree = "<group>";
		};
/* End PBXGroup section */

/* Begin PBXNativeTarget section */
		F9E2AE291C303DE800EE184A /* Fishionary */ = {
			isa = PBXNativeTarget;
			buildConfigurationList = F9E2AE3E1C303DE800EE184A /* Build configuration list for PBXNativeTarget "Fishionary" */;
			buildPhases = (
				F9E2AE261C303DE800EE184A /* Sources */,
				F9E2AE271C303DE800EE184A /* Frameworks */,
				F9E2AE281C303DE800EE184A /* Resources */,
				6D450C7221FF0E6C00AAB25C /* Embed Frameworks */,
			);
			buildRules = (
			);
			dependencies = (
			);
			name = Fishionary;
			productName = Fishionary;
			productReference = F9E2AE2A1C303DE800EE184A /* Fishionary.app */;
			productType = "com.apple.product-type.application";
		};
/* End PBXNativeTarget section */

/* Begin PBXProject section */
		F9E2AE221C303DE800EE184A /* Project object */ = {
			isa = PBXProject;
			attributes = {
				LastSwiftUpdateCheck = 0720;
				LastUpgradeCheck = 1010;
				ORGANIZATIONNAME = jeyries;
				TargetAttributes = {
					F9E2AE291C303DE800EE184A = {
						CreatedOnToolsVersion = 7.2;
						DevelopmentTeam = DUG7QVRS59;
						LastSwiftMigration = 1130;
						ProvisioningStyle = Automatic;
					};
				};
			};
			buildConfigurationList = F9E2AE251C303DE800EE184A /* Build configuration list for PBXProject "Fishionary" */;
			compatibilityVersion = "Xcode 3.2";
			developmentRegion = en;
			hasScannedForEncodings = 0;
			knownRegions = (
				en,
				Base,
				ja,
				ko,
				fr,
				de,
				nl,
				ca,
				es,
				"pt-PT",
				it,
				sv,
				da,
				nb,
				hr,
				el,
				ru,
				tr,
				vi,
				"zh-Hans",
			);
			mainGroup = F9E2AE211C303DE800EE184A;
			productRefGroup = F9E2AE2B1C303DE800EE184A /* Products */;
			projectDirPath = "";
			projectRoot = "";
			targets = (
				F9E2AE291C303DE800EE184A /* Fishionary */,
			);
		};
/* End PBXProject section */

/* Begin PBXResourcesBuildPhase section */
		F9E2AE281C303DE800EE184A /* Resources */ = {
			isa = PBXResourcesBuildPhase;
			buildActionMask = 2147483647;
			files = (
				F90BA95B1CA99B3A002A0BF0 /* Localizable.strings in Resources */,
				F9E2AE3A1C303DE800EE184A /* LaunchScreen.storyboard in Resources */,
				F9E2AE371C303DE800EE184A /* Assets.xcassets in Resources */,
				BB85122253D19B676DDB54D7 /* data in Resources */,
			);
			runOnlyForDeploymentPostprocessing = 0;
		};
/* End PBXResourcesBuildPhase section */

/* Begin PBXSourcesBuildPhase section */
		F9E2AE261C303DE800EE184A /* Sources */ = {
			isa = PBXSourcesBuildPhase;
			buildActionMask = 2147483647;
			files = (
				F91D19891C3C3AA2003BAD65 /* Property.swift in Sources */,
				F97824C02427FF43005D81B5 /* InfoView.swift in Sources */,
				F97824BA2427D39B005D81B5 /* RootView.swift in Sources */,
				6D8FA12221F86AAD00538BD8 /* DetailViewModel.swift in Sources */,
				F9E2AE2E1C303DE800EE184A /* AppDelegate.swift in Sources */,
				F97824B62427CAE5005D81B5 /* FishList.swift in Sources */,
				F90232C0242A8ED900E914D0 /* CustomTextView.swift in Sources */,
				F9B1B2D4242A208B009F86B8 /* AppData.swift in Sources */,
				F932FECD1C3AD48E00E9A7F5 /* ImageViewController.swift in Sources */,
				F90232BE242A796700E914D0 /* SearchBar.swift in Sources */,
				F932FEC51C3A733700E9A7F5 /* WaterfallViewController.swift in Sources */,
				F90232C2242A8F4000E914D0 /* CustomLabel.swift in Sources */,
				BB85168AB5141ED570B518AD /* DataManager.swift in Sources */,
				6D50606421FB06C0004576E9 /* ImageLoader.swift in Sources */,
				F97824BE2427FDCB005D81B5 /* GalleryView.swift in Sources */,
				F9784FD72428C4E400F122F9 /* ZoomView.swift in Sources */,
				F97824B82427D0C4005D81B5 /* FishDetail.swift in Sources */,
				F91D19871C3C1C08003BAD65 /* WebViewController.swift in Sources */,
				F98672F6242AC8E100E9FE37 /* CHTCollectionViewWaterfallLayout.swift in Sources */,
				F97824C224280105005D81B5 /* SettingsView.swift in Sources */,
				F97824BC2427D4FA005D81B5 /* FishRow.swift in Sources */,
				BB8513DE4E8AF9B76CAB144C /* Fish.swift in Sources */,
			);
			runOnlyForDeploymentPostprocessing = 0;
		};
/* End PBXSourcesBuildPhase section */

/* Begin PBXVariantGroup section */
		F90BA95D1CA99B3A002A0BF0 /* Localizable.strings */ = {
			isa = PBXVariantGroup;
			children = (
				F90BA95C1CA99B3A002A0BF0 /* Base */,
				F90BA9691CA99B9C002A0BF0 /* ja */,
				F90BA96C1CA99BBD002A0BF0 /* ko */,
				F90BA96F1CA99BD4002A0BF0 /* fr */,
				F90BA9721CA99BDA002A0BF0 /* de */,
				F90BA9751CA99BE2002A0BF0 /* nl */,
				F90BA9781CA99BF4002A0BF0 /* ca */,
				F90BA97B1CA99BFE002A0BF0 /* es */,
				F90BA97E1CA99C03002A0BF0 /* pt-PT */,
				F90BA9811CA99C17002A0BF0 /* it */,
				F90BA9841CA99C20002A0BF0 /* sv */,
				F90BA9871CA99C24002A0BF0 /* da */,
				F90BA98A1CA99C2A002A0BF0 /* nb */,
				F90BA98D1CA99C40002A0BF0 /* hr */,
				F90BA9901CA99C46002A0BF0 /* el */,
				F90BA9931CA99C4B002A0BF0 /* ru */,
				F90BA9961CA99C54002A0BF0 /* tr */,
				F90BA9991CA99C62002A0BF0 /* vi */,
				F90BA99C1CA99C69002A0BF0 /* zh-Hans */,
			);
			name = Localizable.strings;
			sourceTree = "<group>";
		};
		F9E2AE381C303DE800EE184A /* LaunchScreen.storyboard */ = {
			isa = PBXVariantGroup;
			children = (
				F9E2AE391C303DE800EE184A /* Base */,
				F90BA9681CA99B9C002A0BF0 /* ja */,
				F90BA96B1CA99BBD002A0BF0 /* ko */,
				F90BA96E1CA99BD4002A0BF0 /* fr */,
				F90BA9711CA99BDA002A0BF0 /* de */,
				F90BA9741CA99BE2002A0BF0 /* nl */,
				F90BA9771CA99BF4002A0BF0 /* ca */,
				F90BA97A1CA99BFE002A0BF0 /* es */,
				F90BA97D1CA99C03002A0BF0 /* pt-PT */,
				F90BA9801CA99C17002A0BF0 /* it */,
				F90BA9831CA99C20002A0BF0 /* sv */,
				F90BA9861CA99C24002A0BF0 /* da */,
				F90BA9891CA99C2A002A0BF0 /* nb */,
				F90BA98C1CA99C40002A0BF0 /* hr */,
				F90BA98F1CA99C46002A0BF0 /* el */,
				F90BA9921CA99C4B002A0BF0 /* ru */,
				F90BA9951CA99C54002A0BF0 /* tr */,
				F90BA9981CA99C61002A0BF0 /* vi */,
				F90BA99B1CA99C69002A0BF0 /* zh-Hans */,
			);
			name = LaunchScreen.storyboard;
			sourceTree = "<group>";
		};
/* End PBXVariantGroup section */

/* Begin XCBuildConfiguration section */
		F9E2AE3C1C303DE800EE184A /* Debug */ = {
			isa = XCBuildConfiguration;
			buildSettings = {
				ALWAYS_SEARCH_USER_PATHS = NO;
				CLANG_ANALYZER_LOCALIZABILITY_NONLOCALIZED = YES;
				CLANG_CXX_LANGUAGE_STANDARD = "gnu++0x";
				CLANG_CXX_LIBRARY = "libc++";
				CLANG_ENABLE_MODULES = YES;
				CLANG_ENABLE_OBJC_ARC = YES;
				CLANG_WARN_BLOCK_CAPTURE_AUTORELEASING = YES;
				CLANG_WARN_BOOL_CONVERSION = YES;
				CLANG_WARN_COMMA = YES;
				CLANG_WARN_CONSTANT_CONVERSION = YES;
				CLANG_WARN_DEPRECATED_OBJC_IMPLEMENTATIONS = YES;
				CLANG_WARN_DIRECT_OBJC_ISA_USAGE = YES_ERROR;
				CLANG_WARN_EMPTY_BODY = YES;
				CLANG_WARN_ENUM_CONVERSION = YES;
				CLANG_WARN_INFINITE_RECURSION = YES;
				CLANG_WARN_INT_CONVERSION = YES;
				CLANG_WARN_NON_LITERAL_NULL_CONVERSION = YES;
				CLANG_WARN_OBJC_IMPLICIT_RETAIN_SELF = YES;
				CLANG_WARN_OBJC_LITERAL_CONVERSION = YES;
				CLANG_WARN_OBJC_ROOT_CLASS = YES_ERROR;
				CLANG_WARN_RANGE_LOOP_ANALYSIS = YES;
				CLANG_WARN_STRICT_PROTOTYPES = YES;
				CLANG_WARN_SUSPICIOUS_MOVE = YES;
				CLANG_WARN_UNREACHABLE_CODE = YES;
				CLANG_WARN__DUPLICATE_METHOD_MATCH = YES;
				"CODE_SIGN_IDENTITY[sdk=iphoneos*]" = "iPhone Developer";
				COPY_PHASE_STRIP = NO;
				DEBUG_INFORMATION_FORMAT = dwarf;
				ENABLE_STRICT_OBJC_MSGSEND = YES;
				ENABLE_TESTABILITY = YES;
				GCC_C_LANGUAGE_STANDARD = gnu99;
				GCC_DYNAMIC_NO_PIC = NO;
				GCC_NO_COMMON_BLOCKS = YES;
				GCC_OPTIMIZATION_LEVEL = 0;
				GCC_PREPROCESSOR_DEFINITIONS = (
					"DEBUG=1",
					"$(inherited)",
				);
				GCC_WARN_64_TO_32_BIT_CONVERSION = YES;
				GCC_WARN_ABOUT_RETURN_TYPE = YES_ERROR;
				GCC_WARN_UNDECLARED_SELECTOR = YES;
				GCC_WARN_UNINITIALIZED_AUTOS = YES_AGGRESSIVE;
				GCC_WARN_UNUSED_FUNCTION = YES;
				GCC_WARN_UNUSED_VARIABLE = YES;
				IPHONEOS_DEPLOYMENT_TARGET = 13.0;
				MTL_ENABLE_DEBUG_INFO = YES;
				ONLY_ACTIVE_ARCH = YES;
				SDKROOT = iphoneos;
				SWIFT_OPTIMIZATION_LEVEL = "-Onone";
				SWIFT_VERSION = 4.2;
			};
			name = Debug;
		};
		F9E2AE3D1C303DE800EE184A /* Release */ = {
			isa = XCBuildConfiguration;
			buildSettings = {
				ALWAYS_SEARCH_USER_PATHS = NO;
				CLANG_ANALYZER_LOCALIZABILITY_NONLOCALIZED = YES;
				CLANG_CXX_LANGUAGE_STANDARD = "gnu++0x";
				CLANG_CXX_LIBRARY = "libc++";
				CLANG_ENABLE_MODULES = YES;
				CLANG_ENABLE_OBJC_ARC = YES;
				CLANG_WARN_BLOCK_CAPTURE_AUTORELEASING = YES;
				CLANG_WARN_BOOL_CONVERSION = YES;
				CLANG_WARN_COMMA = YES;
				CLANG_WARN_CONSTANT_CONVERSION = YES;
				CLANG_WARN_DEPRECATED_OBJC_IMPLEMENTATIONS = YES;
				CLANG_WARN_DIRECT_OBJC_ISA_USAGE = YES_ERROR;
				CLANG_WARN_EMPTY_BODY = YES;
				CLANG_WARN_ENUM_CONVERSION = YES;
				CLANG_WARN_INFINITE_RECURSION = YES;
				CLANG_WARN_INT_CONVERSION = YES;
				CLANG_WARN_NON_LITERAL_NULL_CONVERSION = YES;
				CLANG_WARN_OBJC_IMPLICIT_RETAIN_SELF = YES;
				CLANG_WARN_OBJC_LITERAL_CONVERSION = YES;
				CLANG_WARN_OBJC_ROOT_CLASS = YES_ERROR;
				CLANG_WARN_RANGE_LOOP_ANALYSIS = YES;
				CLANG_WARN_STRICT_PROTOTYPES = YES;
				CLANG_WARN_SUSPICIOUS_MOVE = YES;
				CLANG_WARN_UNREACHABLE_CODE = YES;
				CLANG_WARN__DUPLICATE_METHOD_MATCH = YES;
				"CODE_SIGN_IDENTITY[sdk=iphoneos*]" = "iPhone Developer";
				COPY_PHASE_STRIP = NO;
				DEBUG_INFORMATION_FORMAT = "dwarf-with-dsym";
				ENABLE_NS_ASSERTIONS = NO;
				ENABLE_STRICT_OBJC_MSGSEND = YES;
				GCC_C_LANGUAGE_STANDARD = gnu99;
				GCC_NO_COMMON_BLOCKS = YES;
				GCC_WARN_64_TO_32_BIT_CONVERSION = YES;
				GCC_WARN_ABOUT_RETURN_TYPE = YES_ERROR;
				GCC_WARN_UNDECLARED_SELECTOR = YES;
				GCC_WARN_UNINITIALIZED_AUTOS = YES_AGGRESSIVE;
				GCC_WARN_UNUSED_FUNCTION = YES;
				GCC_WARN_UNUSED_VARIABLE = YES;
				IPHONEOS_DEPLOYMENT_TARGET = 13.0;
				MTL_ENABLE_DEBUG_INFO = NO;
				SDKROOT = iphoneos;
				SWIFT_COMPILATION_MODE = wholemodule;
				SWIFT_VERSION = 4.2;
				VALIDATE_PRODUCT = YES;
			};
			name = Release;
		};
		F9E2AE3F1C303DE800EE184A /* Debug */ = {
			isa = XCBuildConfiguration;
			buildSettings = {
				ASSETCATALOG_COMPILER_APPICON_NAME = AppIcon;
				CLANG_ENABLE_MODULES = YES;
				CODE_SIGN_IDENTITY = "Apple Development";
				CODE_SIGN_STYLE = Automatic;
				DEVELOPMENT_TEAM = DUG7QVRS59;
				INFOPLIST_FILE = Fishionary/Info.plist;
				LD_RUNPATH_SEARCH_PATHS = "$(inherited) @executable_path/Frameworks";
				PRODUCT_BUNDLE_IDENTIFIER = fr.jeyries.fishionary;
				PRODUCT_NAME = "$(TARGET_NAME)";
				PROVISIONING_PROFILE_SPECIFIER = "";
				SWIFT_INSTALL_OBJC_HEADER = YES;
				SWIFT_OBJC_BRIDGING_HEADER = "";
				SWIFT_OPTIMIZATION_LEVEL = "-Onone";
				SWIFT_VERSION = 5.0;
				TARGETED_DEVICE_FAMILY = 1;
			};
			name = Debug;
		};
		F9E2AE401C303DE800EE184A /* Release */ = {
			isa = XCBuildConfiguration;
			buildSettings = {
				ASSETCATALOG_COMPILER_APPICON_NAME = AppIcon;
				CLANG_ENABLE_MODULES = YES;
				CODE_SIGN_IDENTITY = "Apple Development";
				CODE_SIGN_STYLE = Automatic;
				DEVELOPMENT_TEAM = DUG7QVRS59;
				INFOPLIST_FILE = Fishionary/Info.plist;
				LD_RUNPATH_SEARCH_PATHS = "$(inherited) @executable_path/Frameworks";
				PRODUCT_BUNDLE_IDENTIFIER = fr.jeyries.fishionary;
				PRODUCT_NAME = "$(TARGET_NAME)";
				PROVISIONING_PROFILE_SPECIFIER = "";
				SWIFT_INSTALL_OBJC_HEADER = YES;
				SWIFT_OBJC_BRIDGING_HEADER = "";
				SWIFT_VERSION = 5.0;
				TARGETED_DEVICE_FAMILY = 1;
			};
			name = Release;
		};
/* End XCBuildConfiguration section */

/* Begin XCConfigurationList section */
		F9E2AE251C303DE800EE184A /* Build configuration list for PBXProject "Fishionary" */ = {
			isa = XCConfigurationList;
			buildConfigurations = (
				F9E2AE3C1C303DE800EE184A /* Debug */,
				F9E2AE3D1C303DE800EE184A /* Release */,
			);
			defaultConfigurationIsVisible = 0;
			defaultConfigurationName = Release;
		};
		F9E2AE3E1C303DE800EE184A /* Build configuration list for PBXNativeTarget "Fishionary" */ = {
			isa = XCConfigurationList;
			buildConfigurations = (
				F9E2AE3F1C303DE800EE184A /* Debug */,
				F9E2AE401C303DE800EE184A /* Release */,
			);
			defaultConfigurationIsVisible = 0;
			defaultConfigurationName = Release;
		};
/* End XCConfigurationList section */
	};
	rootObject = F9E2AE221C303DE800EE184A /* Project object */;
}
